
Microsoft Visual Studio Solution File, Format Version 12.00
# Visual Studio Version 17
VisualStudioVersion = 17.1.32328.378
MinimumVisualStudioVersion = 10.0.40219.1
Project("{FAE04EC0-301F-11D3-BF4B-00C04F79EFBC}") = "SchoolPortalApi", "SchoolPortalApi\SchoolPortalApi.csproj", "{BEE83158-BADA-4BAC-BAB7-890E2DD54487}"
EndProject
Global
	GlobalSection(SolutionConfigurationPlatforms) = preSolution
		Debug|Any CPU = Debug|Any CPU
		Release|Any CPU = Release|Any CPU
	EndGlobalSection
	GlobalSection(ProjectConfigurationPlatforms) = postSolution
		{BEE83158-BADA-4BAC-BAB7-890E2DD54487}.Debug|Any CPU.ActiveCfg = Debug|Any CPU
		{BEE83158-BADA-4BAC-BAB7-890E2DD54487}.Debug|Any CPU.Build.0 = Debug|Any CPU
		{BEE83158-BADA-4BAC-BAB7-890E2DD54487}.Release|Any CPU.ActiveCfg = Release|Any CPU
		{BEE83158-BADA-4BAC-BAB7-890E2DD54487}.Release|Any CPU.Build.0 = Release|Any CPU
	EndGlobalSection
	GlobalSection(SolutionProperties) = preSolution
		HideSolutionNode = FALSE
	EndGlobalSection
	GlobalSection(ExtensibilityGlobals) = postSolution
		SolutionGuid = {3B785279-2088-4351-8508-37FE9EAD1BBF}
	EndGlobalSection
EndGlobal
